
Microsoft Visual Studio Solution File, Format Version 12.00
# Visual Studio Version 16
VisualStudioVersion = 16.0.29009.5
MinimumVisualStudioVersion = 10.0.40219.1
Project("{FAE04EC0-301F-11D3-BF4B-00C04F79EFBC}") = "UsageLogger", "UsageLogger\UsageLogger.csproj", "{16672500-E6AE-4726-A503-6AF1767FEE1F}"
EndProject
Global
	GlobalSection(SolutionConfigurationPlatforms) = preSolution
		Debug|Any CPU = Debug|Any CPU
		Release|Any CPU = Release|Any CPU
	EndGlobalSection
	GlobalSection(ProjectConfigurationPlatforms) = postSolution
		{16672500-E6AE-4726-A503-6AF1767FEE1F}.Debug|Any CPU.ActiveCfg = Debug|Any CPU
		{16672500-E6AE-4726-A503-6AF1767FEE1F}.Debug|Any CPU.Build.0 = Debug|Any CPU
		{16672500-E6AE-4726-A503-6AF1767FEE1F}.Release|Any CPU.ActiveCfg = Release|Any CPU
		{16672500-E6AE-4726-A503-6AF1767FEE1F}.Release|Any CPU.Build.0 = Release|Any CPU
	EndGlobalSection
	GlobalSection(SolutionProperties) = preSolution
		HideSolutionNode = FALSE
	EndGlobalSection
	GlobalSection(ExtensibilityGlobals) = postSolution
		SolutionGuid = {261C0E07-CF25-44E1-8877-94A84203AC3A}
	EndGlobalSection
EndGlobal
